
Microsoft Visual Studio Solution File, Format Version 12.00
# Visual Studio Version 17
VisualStudioVersion = 17.5.002.0
MinimumVisualStudioVersion = 10.0.40219.1
Project("{9A19103F-16F7-4668-BE54-9A1E7A4F7556}") = "Learning-cs", "Learning-cs.csproj", "{17F742E3-E6A9-4417-859E-F7BF6E188839}"
EndProject
Global
	GlobalSection(SolutionConfigurationPlatforms) = preSolution
		Debug|Any CPU = Debug|Any CPU
		Release|Any CPU = Release|Any CPU
	EndGlobalSection
	GlobalSection(ProjectConfigurationPlatforms) = postSolution
		{17F742E3-E6A9-4417-859E-F7BF6E188839}.Debug|Any CPU.ActiveCfg = Debug|Any CPU
		{17F742E3-E6A9-4417-859E-F7BF6E188839}.Debug|Any CPU.Build.0 = Debug|Any CPU
		{17F742E3-E6A9-4417-859E-F7BF6E188839}.Release|Any CPU.ActiveCfg = Release|Any CPU
		{17F742E3-E6A9-4417-859E-F7BF6E188839}.Release|Any CPU.Build.0 = Release|Any CPU
	EndGlobalSection
	GlobalSection(SolutionProperties) = preSolution
		HideSolutionNode = FALSE
	EndGlobalSection
	GlobalSection(ExtensibilityGlobals) = postSolution
		SolutionGuid = {9FEB6297-4559-47E8-BB17-8DE7FC184187}
	EndGlobalSection
EndGlobal
